
Microsoft Visual Studio Solution File, Format Version 12.00
# Visual Studio 15
VisualStudioVersion = 15.0.28307.572
MinimumVisualStudioVersion = 10.0.40219.1
Project("{FAE04EC0-301F-11D3-BF4B-00C04F79EFBC}") = "IteratorVehiculos", "IteratorVehiculos\IteratorVehiculos.csproj", "{5FA4596A-109A-42FB-8F58-F0A68F0FF1BC}"
EndProject
Global
	GlobalSection(SolutionConfigurationPlatforms) = preSolution
		Debug|Any CPU = Debug|Any CPU
		Release|Any CPU = Release|Any CPU
	EndGlobalSection
	GlobalSection(ProjectConfigurationPlatforms) = postSolution
		{5FA4596A-109A-42FB-8F58-F0A68F0FF1BC}.Debug|Any CPU.ActiveCfg = Debug|Any CPU
		{5FA4596A-109A-42FB-8F58-F0A68F0FF1BC}.Debug|Any CPU.Build.0 = Debug|Any CPU
		{5FA4596A-109A-42FB-8F58-F0A68F0FF1BC}.Release|Any CPU.ActiveCfg = Release|Any CPU
		{5FA4596A-109A-42FB-8F58-F0A68F0FF1BC}.Release|Any CPU.Build.0 = Release|Any CPU
	EndGlobalSection
	GlobalSection(SolutionProperties) = preSolution
		HideSolutionNode = FALSE
	EndGlobalSection
	GlobalSection(ExtensibilityGlobals) = postSolution
		SolutionGuid = {35A037B9-3549-45A7-9314-A7822BAAE505}
	EndGlobalSection
EndGlobal
